
Microsoft Visual Studio Solution File, Format Version 12.00
Project("{FAE04EC0-301F-11D3-BF4B-00C04F79EFBC}") = "DBWrapper", "DBWrapper\DBWrapper.csproj", "{0DF15595-018F-4D7B-9BFA-B09CCFB1BC1F}"
EndProject
Project("{FAE04EC0-301F-11D3-BF4B-00C04F79EFBC}") = "TesterSuite", "TesterSuite\TesterSuite.csproj", "{4EDCE22E-576E-4224-96CB-23EF2646E96D}"
EndProject
Project("{FAE04EC0-301F-11D3-BF4B-00C04F79EFBC}") = "Log4CS", "Log4CS\Log4CS.csproj", "{3E5FDFB6-E5AC-4F06-A932-91021A6C26EE}"
EndProject
Project("{FAE04EC0-301F-11D3-BF4B-00C04F79EFBC}") = "Commons", "Commons\Commons.csproj", "{6ECFE46A-E976-496C-86DE-92EE1CC0A965}"
EndProject
Project("{FAE04EC0-301F-11D3-BF4B-00C04F79EFBC}") = "Security", "Security\Security.csproj", "{97709ABB-9539-436C-B81D-BD745612A249}"
EndProject
Project("{FAE04EC0-301F-11D3-BF4B-00C04F79EFBC}") = "Business", "Business\Business.csproj", "{398DFBC7-85BC-414B-A7D7-7971C542B3E0}"
EndProject
Project("{FAE04EC0-301F-11D3-BF4B-00C04F79EFBC}") = "DBWrapperTest", "DBWrapperTest\DBWrapperTest.csproj", "{D39ABD6D-8F97-4CF9-9BF0-688E98ECB130}"
EndProject
Project("{FAE04EC0-301F-11D3-BF4B-00C04F79EFBC}") = "SecurityTest", "SecurityTest\SecurityTest.csproj", "{2A5EA6A4-6C13-4D73-8493-3F5744E2C9C7}"
EndProject
Global
	GlobalSection(SolutionConfigurationPlatforms) = preSolution
		Debug|Any CPU = Debug|Any CPU
		Release|Any CPU = Release|Any CPU
	EndGlobalSection
	GlobalSection(ProjectConfigurationPlatforms) = postSolution
		{0DF15595-018F-4D7B-9BFA-B09CCFB1BC1F}.Debug|Any CPU.ActiveCfg = Debug|Any CPU
		{0DF15595-018F-4D7B-9BFA-B09CCFB1BC1F}.Debug|Any CPU.Build.0 = Debug|Any CPU
		{0DF15595-018F-4D7B-9BFA-B09CCFB1BC1F}.Release|Any CPU.ActiveCfg = Release|Any CPU
		{0DF15595-018F-4D7B-9BFA-B09CCFB1BC1F}.Release|Any CPU.Build.0 = Release|Any CPU
		{4EDCE22E-576E-4224-96CB-23EF2646E96D}.Debug|Any CPU.ActiveCfg = Debug|Any CPU
		{4EDCE22E-576E-4224-96CB-23EF2646E96D}.Debug|Any CPU.Build.0 = Debug|Any CPU
		{4EDCE22E-576E-4224-96CB-23EF2646E96D}.Release|Any CPU.ActiveCfg = Release|Any CPU
		{4EDCE22E-576E-4224-96CB-23EF2646E96D}.Release|Any CPU.Build.0 = Release|Any CPU
		{3E5FDFB6-E5AC-4F06-A932-91021A6C26EE}.Debug|Any CPU.ActiveCfg = Debug|Any CPU
		{3E5FDFB6-E5AC-4F06-A932-91021A6C26EE}.Debug|Any CPU.Build.0 = Debug|Any CPU
		{3E5FDFB6-E5AC-4F06-A932-91021A6C26EE}.Release|Any CPU.ActiveCfg = Release|Any CPU
		{3E5FDFB6-E5AC-4F06-A932-91021A6C26EE}.Release|Any CPU.Build.0 = Release|Any CPU
		{6ECFE46A-E976-496C-86DE-92EE1CC0A965}.Debug|Any CPU.ActiveCfg = Debug|Any CPU
		{6ECFE46A-E976-496C-86DE-92EE1CC0A965}.Debug|Any CPU.Build.0 = Debug|Any CPU
		{6ECFE46A-E976-496C-86DE-92EE1CC0A965}.Release|Any CPU.ActiveCfg = Release|Any CPU
		{6ECFE46A-E976-496C-86DE-92EE1CC0A965}.Release|Any CPU.Build.0 = Release|Any CPU
		{97709ABB-9539-436C-B81D-BD745612A249}.Debug|Any CPU.ActiveCfg = Debug|Any CPU
		{97709ABB-9539-436C-B81D-BD745612A249}.Debug|Any CPU.Build.0 = Debug|Any CPU
		{97709ABB-9539-436C-B81D-BD745612A249}.Release|Any CPU.ActiveCfg = Release|Any CPU
		{97709ABB-9539-436C-B81D-BD745612A249}.Release|Any CPU.Build.0 = Release|Any CPU
		{398DFBC7-85BC-414B-A7D7-7971C542B3E0}.Debug|Any CPU.ActiveCfg = Debug|Any CPU
		{398DFBC7-85BC-414B-A7D7-7971C542B3E0}.Debug|Any CPU.Build.0 = Debug|Any CPU
		{398DFBC7-85BC-414B-A7D7-7971C542B3E0}.Release|Any CPU.ActiveCfg = Release|Any CPU
		{398DFBC7-85BC-414B-A7D7-7971C542B3E0}.Release|Any CPU.Build.0 = Release|Any CPU
		{D39ABD6D-8F97-4CF9-9BF0-688E98ECB130}.Debug|Any CPU.ActiveCfg = Debug|Any CPU
		{D39ABD6D-8F97-4CF9-9BF0-688E98ECB130}.Debug|Any CPU.Build.0 = Debug|Any CPU
		{D39ABD6D-8F97-4CF9-9BF0-688E98ECB130}.Release|Any CPU.ActiveCfg = Release|Any CPU
		{D39ABD6D-8F97-4CF9-9BF0-688E98ECB130}.Release|Any CPU.Build.0 = Release|Any CPU
		{2A5EA6A4-6C13-4D73-8493-3F5744E2C9C7}.Debug|Any CPU.ActiveCfg = Debug|Any CPU
		{2A5EA6A4-6C13-4D73-8493-3F5744E2C9C7}.Debug|Any CPU.Build.0 = Debug|Any CPU
		{2A5EA6A4-6C13-4D73-8493-3F5744E2C9C7}.Release|Any CPU.ActiveCfg = Release|Any CPU
		{2A5EA6A4-6C13-4D73-8493-3F5744E2C9C7}.Release|Any CPU.Build.0 = Release|Any CPU
	EndGlobalSection
EndGlobal
