
Microsoft Visual Studio Solution File, Format Version 12.00
Project("{FAE04EC0-301F-11D3-BF4B-00C04F79EFBC}") = "ORM", "ORM\ORM.csproj", "{0DF15595-018F-4D7B-9BFA-B09CCFB1BC1F}"
EndProject
Project("{FAE04EC0-301F-11D3-BF4B-00C04F79EFBC}") = "TesterSuite", "TesterSuite\TesterSuite.csproj", "{4EDCE22E-576E-4224-96CB-23EF2646E96D}"
EndProject
Project("{FAE04EC0-301F-11D3-BF4B-00C04F79EFBC}") = "Logger", "Logger\Logger.csproj", "{3E5FDFB6-E5AC-4F06-A932-91021A6C26EE}"
EndProject
Global
	GlobalSection(SolutionConfigurationPlatforms) = preSolution
		Debug|Any CPU = Debug|Any CPU
		Release|Any CPU = Release|Any CPU
	EndGlobalSection
	GlobalSection(ProjectConfigurationPlatforms) = postSolution
		{0DF15595-018F-4D7B-9BFA-B09CCFB1BC1F}.Debug|Any CPU.ActiveCfg = Debug|Any CPU
		{0DF15595-018F-4D7B-9BFA-B09CCFB1BC1F}.Debug|Any CPU.Build.0 = Debug|Any CPU
		{0DF15595-018F-4D7B-9BFA-B09CCFB1BC1F}.Release|Any CPU.ActiveCfg = Release|Any CPU
		{0DF15595-018F-4D7B-9BFA-B09CCFB1BC1F}.Release|Any CPU.Build.0 = Release|Any CPU
		{4EDCE22E-576E-4224-96CB-23EF2646E96D}.Debug|Any CPU.ActiveCfg = Debug|Any CPU
		{4EDCE22E-576E-4224-96CB-23EF2646E96D}.Debug|Any CPU.Build.0 = Debug|Any CPU
		{4EDCE22E-576E-4224-96CB-23EF2646E96D}.Release|Any CPU.ActiveCfg = Release|Any CPU
		{4EDCE22E-576E-4224-96CB-23EF2646E96D}.Release|Any CPU.Build.0 = Release|Any CPU
		{3E5FDFB6-E5AC-4F06-A932-91021A6C26EE}.Debug|Any CPU.ActiveCfg = Debug|Any CPU
		{3E5FDFB6-E5AC-4F06-A932-91021A6C26EE}.Debug|Any CPU.Build.0 = Debug|Any CPU
		{3E5FDFB6-E5AC-4F06-A932-91021A6C26EE}.Release|Any CPU.ActiveCfg = Release|Any CPU
		{3E5FDFB6-E5AC-4F06-A932-91021A6C26EE}.Release|Any CPU.Build.0 = Release|Any CPU
	EndGlobalSection
EndGlobal
